
Microsoft Visual Studio Solution File, Format Version 11.00
# Visual Studio 2010
Project("{FAE04EC0-301F-11D3-BF4B-00C04F79EFBC}") = "MagnetGun", "Unity.Postprocessing.Runtime.csproj", "{367524B9-69FE-9E93-DFD1-55BECAD417C9}"
EndProject
Project("{FAE04EC0-301F-11D3-BF4B-00C04F79EFBC}") = "MagnetGun", "Assembly-CSharp.csproj", "{4FE9CABD-D68C-EE29-0F4E-59C466A7036F}"
EndProject
Project("{FAE04EC0-301F-11D3-BF4B-00C04F79EFBC}") = "MagnetGun", "Assembly-CSharp-Editor.csproj", "{838CA8E5-CA49-4A80-A695-CF74AF4164B8}"
EndProject
Project("{FAE04EC0-301F-11D3-BF4B-00C04F79EFBC}") = "MagnetGun", "Unity.Postprocessing.Editor.csproj", "{CA0A3EFC-0641-7A20-3969-5E843D8FBCCF}"
EndProject
Project("{FAE04EC0-301F-11D3-BF4B-00C04F79EFBC}") = "MagnetGun", "Unity.Postprocessing.Editor.Tests.csproj", "{592153A2-5F1B-73BB-5268-7C4D4768FFB1}"
EndProject
Global
	GlobalSection(SolutionConfigurationPlatforms) = preSolution
		Debug|Any CPU = Debug|Any CPU
		Release|Any CPU = Release|Any CPU
	EndGlobalSection
	GlobalSection(ProjectConfigurationPlatforms) = postSolution
		{367524B9-69FE-9E93-DFD1-55BECAD417C9}.Debug|Any CPU.ActiveCfg = Debug|Any CPU
		{367524B9-69FE-9E93-DFD1-55BECAD417C9}.Debug|Any CPU.Build.0 = Debug|Any CPU
		{367524B9-69FE-9E93-DFD1-55BECAD417C9}.Release|Any CPU.ActiveCfg = Release|Any CPU
		{367524B9-69FE-9E93-DFD1-55BECAD417C9}.Release|Any CPU.Build.0 = Release|Any CPU
		{4FE9CABD-D68C-EE29-0F4E-59C466A7036F}.Debug|Any CPU.ActiveCfg = Debug|Any CPU
		{4FE9CABD-D68C-EE29-0F4E-59C466A7036F}.Debug|Any CPU.Build.0 = Debug|Any CPU
		{4FE9CABD-D68C-EE29-0F4E-59C466A7036F}.Release|Any CPU.ActiveCfg = Release|Any CPU
		{4FE9CABD-D68C-EE29-0F4E-59C466A7036F}.Release|Any CPU.Build.0 = Release|Any CPU
		{838CA8E5-CA49-4A80-A695-CF74AF4164B8}.Debug|Any CPU.ActiveCfg = Debug|Any CPU
		{838CA8E5-CA49-4A80-A695-CF74AF4164B8}.Debug|Any CPU.Build.0 = Debug|Any CPU
		{838CA8E5-CA49-4A80-A695-CF74AF4164B8}.Release|Any CPU.ActiveCfg = Release|Any CPU
		{838CA8E5-CA49-4A80-A695-CF74AF4164B8}.Release|Any CPU.Build.0 = Release|Any CPU
		{CA0A3EFC-0641-7A20-3969-5E843D8FBCCF}.Debug|Any CPU.ActiveCfg = Debug|Any CPU
		{CA0A3EFC-0641-7A20-3969-5E843D8FBCCF}.Debug|Any CPU.Build.0 = Debug|Any CPU
		{CA0A3EFC-0641-7A20-3969-5E843D8FBCCF}.Release|Any CPU.ActiveCfg = Release|Any CPU
		{CA0A3EFC-0641-7A20-3969-5E843D8FBCCF}.Release|Any CPU.Build.0 = Release|Any CPU
		{592153A2-5F1B-73BB-5268-7C4D4768FFB1}.Debug|Any CPU.ActiveCfg = Debug|Any CPU
		{592153A2-5F1B-73BB-5268-7C4D4768FFB1}.Debug|Any CPU.Build.0 = Debug|Any CPU
		{592153A2-5F1B-73BB-5268-7C4D4768FFB1}.Release|Any CPU.ActiveCfg = Release|Any CPU
		{592153A2-5F1B-73BB-5268-7C4D4768FFB1}.Release|Any CPU.Build.0 = Release|Any CPU
	EndGlobalSection
	GlobalSection(SolutionProperties) = preSolution
		HideSolutionNode = FALSE
	EndGlobalSection
	GlobalSection(MonoDevelopProperties) = preSolution
		StartupItem = Assembly-CSharp.csproj
	EndGlobalSection
EndGlobal
